// !$*UTF8*$!
{
	archiveVersion = 1;
	classes = {
	};
	objectVersion = 46;
	objects = {

/* Begin PBXBuildFile section */
		382C54B71CB59FFA002EA3D0 /* TrailQuizViewController.swift in Sources */ = {isa = PBXBuildFile; fileRef = 382C54B61CB59FFA002EA3D0 /* TrailQuizViewController.swift */; };
		382C54B91CB5E5F1002EA3D0 /* TodayQuizViewController.swift in Sources */ = {isa = PBXBuildFile; fileRef = 382C54B81CB5E5F1002EA3D0 /* TodayQuizViewController.swift */; };
		382C54BB1CB5F155002EA3D0 /* MultipleChoiceViewController.swift in Sources */ = {isa = PBXBuildFile; fileRef = 382C54BA1CB5F155002EA3D0 /* MultipleChoiceViewController.swift */; };
		3894F4981CB0ED54007115D1 /* AppDelegate.swift in Sources */ = {isa = PBXBuildFile; fileRef = 3894F4971CB0ED54007115D1 /* AppDelegate.swift */; };
		3894F49D1CB0ED54007115D1 /* Main.storyboard in Resources */ = {isa = PBXBuildFile; fileRef = 3894F49B1CB0ED54007115D1 /* Main.storyboard */; };
		3894F49F1CB0ED54007115D1 /* Assets.xcassets in Resources */ = {isa = PBXBuildFile; fileRef = 3894F49E1CB0ED54007115D1 /* Assets.xcassets */; };
		3894F4A21CB0ED54007115D1 /* LaunchScreen.storyboard in Resources */ = {isa = PBXBuildFile; fileRef = 3894F4A01CB0ED54007115D1 /* LaunchScreen.storyboard */; };
		3894F4AC1CB1171E007115D1 /* MainToolBarViewController.swift in Sources */ = {isa = PBXBuildFile; fileRef = 3894F4AB1CB1171E007115D1 /* MainToolBarViewController.swift */; };
		3894F4AE1CB11786007115D1 /* ScoreReportViewController.swift in Sources */ = {isa = PBXBuildFile; fileRef = 3894F4AD1CB11786007115D1 /* ScoreReportViewController.swift */; };
		3894F4B21CB11831007115D1 /* LogInViewController.swift in Sources */ = {isa = PBXBuildFile; fileRef = 3894F4B11CB11831007115D1 /* LogInViewController.swift */; };
		3894F4B41CB1222C007115D1 /* QuestionsViewController.swift in Sources */ = {isa = PBXBuildFile; fileRef = 3894F4B31CB1222C007115D1 /* QuestionsViewController.swift */; };
		7435BCDEEB404DA6C73377B9 /* Pods_iQuiz.framework in Frameworks */ = {isa = PBXBuildFile; fileRef = 51E4BB490F71ECF321B53D16 /* Pods_iQuiz.framework */; };
/* End PBXBuildFile section */

/* Begin PBXFileReference section */
		382C54B61CB59FFA002EA3D0 /* TrailQuizViewController.swift */ = {isa = PBXFileReference; fileEncoding = 4; lastKnownFileType = sourcecode.swift; path = TrailQuizViewController.swift; sourceTree = "<group>"; };
		382C54B81CB5E5F1002EA3D0 /* TodayQuizViewController.swift */ = {isa = PBXFileReference; fileEncoding = 4; lastKnownFileType = sourcecode.swift; path = TodayQuizViewController.swift; sourceTree = "<group>"; };
		382C54BA1CB5F155002EA3D0 /* MultipleChoiceViewController.swift */ = {isa = PBXFileReference; fileEncoding = 4; lastKnownFileType = sourcecode.swift; path = MultipleChoiceViewController.swift; sourceTree = "<group>"; };
		382C54DE1CBB5C8B002EA3D0 /* iQuiz.entitlements */ = {isa = PBXFileReference; lastKnownFileType = text.xml; path = iQuiz.entitlements; sourceTree = "<group>"; };
		3894F4941CB0ED54007115D1 /* iQuiz.app */ = {isa = PBXFileReference; explicitFileType = wrapper.application; includeInIndex = 0; path = iQuiz.app; sourceTree = BUILT_PRODUCTS_DIR; };
		3894F4971CB0ED54007115D1 /* AppDelegate.swift */ = {isa = PBXFileReference; lastKnownFileType = sourcecode.swift; path = AppDelegate.swift; sourceTree = "<group>"; };
		3894F49C1CB0ED54007115D1 /* Base */ = {isa = PBXFileReference; lastKnownFileType = file.storyboard; name = Base; path = Base.lproj/Main.storyboard; sourceTree = "<group>"; };
		3894F49E1CB0ED54007115D1 /* Assets.xcassets */ = {isa = PBXFileReference; lastKnownFileType = folder.assetcatalog; path = Assets.xcassets; sourceTree = "<group>"; };
		3894F4A11CB0ED54007115D1 /* Base */ = {isa = PBXFileReference; lastKnownFileType = file.storyboard; name = Base; path = Base.lproj/LaunchScreen.storyboard; sourceTree = "<group>"; };
		3894F4A31CB0ED54007115D1 /* Info.plist */ = {isa = PBXFileReference; lastKnownFileType = text.plist.xml; path = Info.plist; sourceTree = "<group>"; };
		3894F4AB1CB1171E007115D1 /* MainToolBarViewController.swift */ = {isa = PBXFileReference; fileEncoding = 4; lastKnownFileType = sourcecode.swift; path = MainToolBarViewController.swift; sourceTree = "<group>"; };
		3894F4AD1CB11786007115D1 /* ScoreReportViewController.swift */ = {isa = PBXFileReference; fileEncoding = 4; lastKnownFileType = sourcecode.swift; path = ScoreReportViewController.swift; sourceTree = "<group>"; };
		3894F4B11CB11831007115D1 /* LogInViewController.swift */ = {isa = PBXFileReference; fileEncoding = 4; lastKnownFileType = sourcecode.swift; path = LogInViewController.swift; sourceTree = "<group>"; };
		3894F4B31CB1222C007115D1 /* QuestionsViewController.swift */ = {isa = PBXFileReference; fileEncoding = 4; lastKnownFileType = sourcecode.swift; path = QuestionsViewController.swift; sourceTree = "<group>"; };
		4720D508822E100CF25C680F /* Pods-iQuiz.debug.xcconfig */ = {isa = PBXFileReference; includeInIndex = 1; lastKnownFileType = text.xcconfig; name = "Pods-iQuiz.debug.xcconfig"; path = "Pods/Target Support Files/Pods-iQuiz/Pods-iQuiz.debug.xcconfig"; sourceTree = "<group>"; };
		51E4BB490F71ECF321B53D16 /* Pods_iQuiz.framework */ = {isa = PBXFileReference; explicitFileType = wrapper.framework; includeInIndex = 0; path = Pods_iQuiz.framework; sourceTree = BUILT_PRODUCTS_DIR; };
		9C8388015D5D4F3EE13D0562 /* Pods-iQuiz.release.xcconfig */ = {isa = PBXFileReference; includeInIndex = 1; lastKnownFileType = text.xcconfig; name = "Pods-iQuiz.release.xcconfig"; path = "Pods/Target Support Files/Pods-iQuiz/Pods-iQuiz.release.xcconfig"; sourceTree = "<group>"; };
/* End PBXFileReference section */

/* Begin PBXFrameworksBuildPhase section */
		3894F4911CB0ED54007115D1 /* Frameworks */ = {
			isa = PBXFrameworksBuildPhase;
			buildActionMask = 2147483647;
			files = (
				7435BCDEEB404DA6C73377B9 /* Pods_iQuiz.framework in Frameworks */,
			);
			runOnlyForDeploymentPostprocessing = 0;
		};
/* End PBXFrameworksBuildPhase section */

/* Begin PBXGroup section */
		3894F48B1CB0ED54007115D1 = {
			isa = PBXGroup;
			children = (
				3894F4961CB0ED54007115D1 /* iQuiz */,
				3894F4951CB0ED54007115D1 /* Products */,
				A39820444A806A2655B0D573 /* Pods */,
				6B019D97ADA6EF1D7B033620 /* Frameworks */,
			);
			sourceTree = "<group>";
		};
		3894F4951CB0ED54007115D1 /* Products */ = {
			isa = PBXGroup;
			children = (
				3894F4941CB0ED54007115D1 /* iQuiz.app */,
			);
			name = Products;
			sourceTree = "<group>";
		};
		3894F4961CB0ED54007115D1 /* iQuiz */ = {
			isa = PBXGroup;
			children = (
				382C54DE1CBB5C8B002EA3D0 /* iQuiz.entitlements */,
				3894F4971CB0ED54007115D1 /* AppDelegate.swift */,
				3894F49B1CB0ED54007115D1 /* Main.storyboard */,
				3894F49E1CB0ED54007115D1 /* Assets.xcassets */,
				3894F4A01CB0ED54007115D1 /* LaunchScreen.storyboard */,
				3894F4A31CB0ED54007115D1 /* Info.plist */,
				3894F4AB1CB1171E007115D1 /* MainToolBarViewController.swift */,
				3894F4AD1CB11786007115D1 /* ScoreReportViewController.swift */,
				3894F4B11CB11831007115D1 /* LogInViewController.swift */,
				3894F4B31CB1222C007115D1 /* QuestionsViewController.swift */,
				382C54B61CB59FFA002EA3D0 /* TrailQuizViewController.swift */,
				382C54B81CB5E5F1002EA3D0 /* TodayQuizViewController.swift */,
				382C54BA1CB5F155002EA3D0 /* MultipleChoiceViewController.swift */,
			);
			path = iQuiz;
			sourceTree = "<group>";
		};
		6B019D97ADA6EF1D7B033620 /* Frameworks */ = {
			isa = PBXGroup;
			children = (
				51E4BB490F71ECF321B53D16 /* Pods_iQuiz.framework */,
			);
			name = Frameworks;
			sourceTree = "<group>";
		};
		A39820444A806A2655B0D573 /* Pods */ = {
			isa = PBXGroup;
			children = (
				4720D508822E100CF25C680F /* Pods-iQuiz.debug.xcconfig */,
				9C8388015D5D4F3EE13D0562 /* Pods-iQuiz.release.xcconfig */,
			);
			name = Pods;
			sourceTree = "<group>";
		};
/* End PBXGroup section */

/* Begin PBXNativeTarget section */
		3894F4931CB0ED54007115D1 /* iQuiz */ = {
			isa = PBXNativeTarget;
			buildConfigurationList = 3894F4A61CB0ED54007115D1 /* Build configuration list for PBXNativeTarget "iQuiz" */;
			buildPhases = (
				B082F784F2C02D9339BCD384 /* Check Pods Manifest.lock */,
				3894F4901CB0ED54007115D1 /* Sources */,
				3894F4911CB0ED54007115D1 /* Frameworks */,
				3894F4921CB0ED54007115D1 /* Resources */,
				83FF202158E0985D6C69DEB8 /* Embed Pods Frameworks */,
				AE2BF692A2CD34F6C845894C /* Copy Pods Resources */,
			);
			buildRules = (
			);
			dependencies = (
			);
			name = iQuiz;
			productName = iQuiz;
			productReference = 3894F4941CB0ED54007115D1 /* iQuiz.app */;
			productType = "com.apple.product-type.application";
		};
/* End PBXNativeTarget section */

/* Begin PBXProject section */
		3894F48C1CB0ED54007115D1 /* Project object */ = {
			isa = PBXProject;
			attributes = {
				LastSwiftUpdateCheck = 0720;
				LastUpgradeCheck = 0720;
				ORGANIZATIONNAME = "Tejashree Jagtap";
				TargetAttributes = {
					3894F4931CB0ED54007115D1 = {
						CreatedOnToolsVersion = 7.2;
						DevelopmentTeam = 6X7KYP4P6T;
						SystemCapabilities = {
							com.apple.Keychain = {
								enabled = 1;
							};
						};
					};
				};
			};
			buildConfigurationList = 3894F48F1CB0ED54007115D1 /* Build configuration list for PBXProject "iQuiz" */;
			compatibilityVersion = "Xcode 3.2";
			developmentRegion = English;
			hasScannedForEncodings = 0;
			knownRegions = (
				en,
				Base,
			);
			mainGroup = 3894F48B1CB0ED54007115D1;
			productRefGroup = 3894F4951CB0ED54007115D1 /* Products */;
			projectDirPath = "";
			projectRoot = "";
			targets = (
				3894F4931CB0ED54007115D1 /* iQuiz */,
			);
		};
/* End PBXProject section */

/* Begin PBXResourcesBuildPhase section */
		3894F4921CB0ED54007115D1 /* Resources */ = {
			isa = PBXResourcesBuildPhase;
			buildActionMask = 2147483647;
			files = (
				3894F4A21CB0ED54007115D1 /* LaunchScreen.storyboard in Resources */,
				3894F49F1CB0ED54007115D1 /* Assets.xcassets in Resources */,
				3894F49D1CB0ED54007115D1 /* Main.storyboard in Resources */,
			);
			runOnlyForDeploymentPostprocessing = 0;
		};
/* End PBXResourcesBuildPhase section */

/* Begin PBXShellScriptBuildPhase section */
		83FF202158E0985D6C69DEB8 /* Embed Pods Frameworks */ = {
			isa = PBXShellScriptBuildPhase;
			buildActionMask = 2147483647;
			files = (
			);
			inputPaths = (
			);
			name = "Embed Pods Frameworks";
			outputPaths = (
			);
			runOnlyForDeploymentPostprocessing = 0;
			shellPath = /bin/sh;
			shellScript = "\"${SRCROOT}/Pods/Target Support Files/Pods-iQuiz/Pods-iQuiz-frameworks.sh\"\n";
			showEnvVarsInLog = 0;
		};
		AE2BF692A2CD34F6C845894C /* Copy Pods Resources */ = {
			isa = PBXShellScriptBuildPhase;
			buildActionMask = 2147483647;
			files = (
			);
			inputPaths = (
			);
			name = "Copy Pods Resources";
			outputPaths = (
			);
			runOnlyForDeploymentPostprocessing = 0;
			shellPath = /bin/sh;
			shellScript = "\"${SRCROOT}/Pods/Target Support Files/Pods-iQuiz/Pods-iQuiz-resources.sh\"\n";
			showEnvVarsInLog = 0;
		};
		B082F784F2C02D9339BCD384 /* Check Pods Manifest.lock */ = {
			isa = PBXShellScriptBuildPhase;
			buildActionMask = 2147483647;
			files = (
			);
			inputPaths = (
			);
			name = "Check Pods Manifest.lock";
			outputPaths = (
			);
			runOnlyForDeploymentPostprocessing = 0;
			shellPath = /bin/sh;
			shellScript = "diff \"${PODS_ROOT}/../Podfile.lock\" \"${PODS_ROOT}/Manifest.lock\" > /dev/null\nif [[ $? != 0 ]] ; then\n    cat << EOM\nerror: The sandbox is not in sync with the Podfile.lock. Run 'pod install' or update your CocoaPods installation.\nEOM\n    exit 1\nfi\n";
			showEnvVarsInLog = 0;
		};
/* End PBXShellScriptBuildPhase section */

/* Begin PBXSourcesBuildPhase section */
		3894F4901CB0ED54007115D1 /* Sources */ = {
			isa = PBXSourcesBuildPhase;
			buildActionMask = 2147483647;
			files = (
				3894F4AE1CB11786007115D1 /* ScoreReportViewController.swift in Sources */,
				3894F4B41CB1222C007115D1 /* QuestionsViewController.swift in Sources */,
				382C54B91CB5E5F1002EA3D0 /* TodayQuizViewController.swift in Sources */,
				3894F4AC1CB1171E007115D1 /* MainToolBarViewController.swift in Sources */,
				3894F4B21CB11831007115D1 /* LogInViewController.swift in Sources */,
				382C54B71CB59FFA002EA3D0 /* TrailQuizViewController.swift in Sources */,
				3894F4981CB0ED54007115D1 /* AppDelegate.swift in Sources */,
				382C54BB1CB5F155002EA3D0 /* MultipleChoiceViewController.swift in Sources */,
			);
			runOnlyForDeploymentPostprocessing = 0;
		};
/* End PBXSourcesBuildPhase section */

/* Begin PBXVariantGroup section */
		3894F49B1CB0ED54007115D1 /* Main.storyboard */ = {
			isa = PBXVariantGroup;
			children = (
				3894F49C1CB0ED54007115D1 /* Base */,
			);
			name = Main.storyboard;
			sourceTree = "<group>";
		};
		3894F4A01CB0ED54007115D1 /* LaunchScreen.storyboard */ = {
			isa = PBXVariantGroup;
			children = (
				3894F4A11CB0ED54007115D1 /* Base */,
			);
			name = LaunchScreen.storyboard;
			sourceTree = "<group>";
		};
/* End PBXVariantGroup section */

/* Begin XCBuildConfiguration section */
		3894F4A41CB0ED54007115D1 /* Debug */ = {
			isa = XCBuildConfiguration;
			buildSettings = {
				ALWAYS_SEARCH_USER_PATHS = NO;
				CLANG_CXX_LANGUAGE_STANDARD = "gnu++0x";
				CLANG_CXX_LIBRARY = "libc++";
				CLANG_ENABLE_MODULES = YES;
				CLANG_ENABLE_OBJC_ARC = YES;
				CLANG_WARN_BOOL_CONVERSION = YES;
				CLANG_WARN_CONSTANT_CONVERSION = YES;
				CLANG_WARN_DIRECT_OBJC_ISA_USAGE = YES_ERROR;
				CLANG_WARN_EMPTY_BODY = YES;
				CLANG_WARN_ENUM_CONVERSION = YES;
				CLANG_WARN_INT_CONVERSION = YES;
				CLANG_WARN_OBJC_ROOT_CLASS = YES_ERROR;
				CLANG_WARN_UNREACHABLE_CODE = YES;
				CLANG_WARN__DUPLICATE_METHOD_MATCH = YES;
				"CODE_SIGN_IDENTITY[sdk=iphoneos*]" = "iPhone Developer";
				COPY_PHASE_STRIP = NO;
				DEBUG_INFORMATION_FORMAT = dwarf;
				ENABLE_STRICT_OBJC_MSGSEND = YES;
				ENABLE_TESTABILITY = YES;
				GCC_C_LANGUAGE_STANDARD = gnu99;
				GCC_DYNAMIC_NO_PIC = NO;
				GCC_NO_COMMON_BLOCKS = YES;
				GCC_OPTIMIZATION_LEVEL = 0;
				GCC_PREPROCESSOR_DEFINITIONS = (
					"DEBUG=1",
					"$(inherited)",
				);
				GCC_WARN_64_TO_32_BIT_CONVERSION = YES;
				GCC_WARN_ABOUT_RETURN_TYPE = YES_ERROR;
				GCC_WARN_UNDECLARED_SELECTOR = YES;
				GCC_WARN_UNINITIALIZED_AUTOS = YES_AGGRESSIVE;
				GCC_WARN_UNUSED_FUNCTION = YES;
				GCC_WARN_UNUSED_VARIABLE = YES;
				IPHONEOS_DEPLOYMENT_TARGET = 9.2;
				MTL_ENABLE_DEBUG_INFO = YES;
				ONLY_ACTIVE_ARCH = YES;
				SDKROOT = iphoneos;
				SWIFT_OPTIMIZATION_LEVEL = "-Onone";
			};
			name = Debug;
		};
		3894F4A51CB0ED54007115D1 /* Release */ = {
			isa = XCBuildConfiguration;
			buildSettings = {
				ALWAYS_SEARCH_USER_PATHS = NO;
				CLANG_CXX_LANGUAGE_STANDARD = "gnu++0x";
				CLANG_CXX_LIBRARY = "libc++";
				CLANG_ENABLE_MODULES = YES;
				CLANG_ENABLE_OBJC_ARC = YES;
				CLANG_WARN_BOOL_CONVERSION = YES;
				CLANG_WARN_CONSTANT_CONVERSION = YES;
				CLANG_WARN_DIRECT_OBJC_ISA_USAGE = YES_ERROR;
				CLANG_WARN_EMPTY_BODY = YES;
				CLANG_WARN_ENUM_CONVERSION = YES;
				CLANG_WARN_INT_CONVERSION = YES;
				CLANG_WARN_OBJC_ROOT_CLASS = YES_ERROR;
				CLANG_WARN_UNREACHABLE_CODE = YES;
				CLANG_WARN__DUPLICATE_METHOD_MATCH = YES;
				"CODE_SIGN_IDENTITY[sdk=iphoneos*]" = "iPhone Developer";
				COPY_PHASE_STRIP = NO;
				DEBUG_INFORMATION_FORMAT = "dwarf-with-dsym";
				ENABLE_NS_ASSERTIONS = NO;
				ENABLE_STRICT_OBJC_MSGSEND = YES;
				GCC_C_LANGUAGE_STANDARD = gnu99;
				GCC_NO_COMMON_BLOCKS = YES;
				GCC_WARN_64_TO_32_BIT_CONVERSION = YES;
				GCC_WARN_ABOUT_RETURN_TYPE = YES_ERROR;
				GCC_WARN_UNDECLARED_SELECTOR = YES;
				GCC_WARN_UNINITIALIZED_AUTOS = YES_AGGRESSIVE;
				GCC_WARN_UNUSED_FUNCTION = YES;
				GCC_WARN_UNUSED_VARIABLE = YES;
				IPHONEOS_DEPLOYMENT_TARGET = 9.2;
				MTL_ENABLE_DEBUG_INFO = NO;
				SDKROOT = iphoneos;
				VALIDATE_PRODUCT = YES;
			};
			name = Release;
		};
		3894F4A71CB0ED54007115D1 /* Debug */ = {
			isa = XCBuildConfiguration;
			baseConfigurationReference = 4720D508822E100CF25C680F /* Pods-iQuiz.debug.xcconfig */;
			buildSettings = {
				ASSETCATALOG_COMPILER_APPICON_NAME = AppIcon;
				CODE_SIGN_ENTITLEMENTS = iQuiz/iQuiz.entitlements;
				CODE_SIGN_IDENTITY = "iPhone Developer";
				"CODE_SIGN_IDENTITY[sdk=iphoneos*]" = "iPhone Developer";
				INFOPLIST_FILE = iQuiz/Info.plist;
				LD_RUNPATH_SEARCH_PATHS = "$(inherited) @executable_path/Frameworks";
				PRODUCT_BUNDLE_IDENTIFIER = edu.self.iQuiz;
				PRODUCT_NAME = "$(TARGET_NAME)";
				PROVISIONING_PROFILE = "";
			};
			name = Debug;
		};
		3894F4A81CB0ED54007115D1 /* Release */ = {
			isa = XCBuildConfiguration;
			baseConfigurationReference = 9C8388015D5D4F3EE13D0562 /* Pods-iQuiz.release.xcconfig */;
			buildSettings = {
				ASSETCATALOG_COMPILER_APPICON_NAME = AppIcon;
				CODE_SIGN_ENTITLEMENTS = iQuiz/iQuiz.entitlements;
				CODE_SIGN_IDENTITY = "iPhone Developer";
				"CODE_SIGN_IDENTITY[sdk=iphoneos*]" = "iPhone Developer";
				INFOPLIST_FILE = iQuiz/Info.plist;
				LD_RUNPATH_SEARCH_PATHS = "$(inherited) @executable_path/Frameworks";
				PRODUCT_BUNDLE_IDENTIFIER = edu.self.iQuiz;
				PRODUCT_NAME = "$(TARGET_NAME)";
				PROVISIONING_PROFILE = "";
			};
			name = Release;
		};
/* End XCBuildConfiguration section */

/* Begin XCConfigurationList section */
		3894F48F1CB0ED54007115D1 /* Build configuration list for PBXProject "iQuiz" */ = {
			isa = XCConfigurationList;
			buildConfigurations = (
				3894F4A41CB0ED54007115D1 /* Debug */,
				3894F4A51CB0ED54007115D1 /* Release */,
			);
			defaultConfigurationIsVisible = 0;
			defaultConfigurationName = Release;
		};
		3894F4A61CB0ED54007115D1 /* Build configuration list for PBXNativeTarget "iQuiz" */ = {
			isa = XCConfigurationList;
			buildConfigurations = (
				3894F4A71CB0ED54007115D1 /* Debug */,
				3894F4A81CB0ED54007115D1 /* Release */,
			);
			defaultConfigurationIsVisible = 0;
			defaultConfigurationName = Release;
		};
/* End XCConfigurationList section */
	};
	rootObject = 3894F48C1CB0ED54007115D1 /* Project object */;
}
