// !$*UTF8*$!
{
	archiveVersion = 1;
	classes = {
	};
	objectVersion = 46;
	objects = {

/* Begin PBXBuildFile section */
		382C54C91CB71D62002EA3D0 /* AppDelegate.swift in Sources */ = {isa = PBXBuildFile; fileRef = 382C54C81CB71D62002EA3D0 /* AppDelegate.swift */; };
		382C54CE1CB71D62002EA3D0 /* Main.storyboard in Resources */ = {isa = PBXBuildFile; fileRef = 382C54CC1CB71D62002EA3D0 /* Main.storyboard */; };
		382C54D01CB71D62002EA3D0 /* Assets.xcassets in Resources */ = {isa = PBXBuildFile; fileRef = 382C54CF1CB71D62002EA3D0 /* Assets.xcassets */; };
		382C54D31CB71D62002EA3D0 /* LaunchScreen.storyboard in Resources */ = {isa = PBXBuildFile; fileRef = 382C54D11CB71D62002EA3D0 /* LaunchScreen.storyboard */; };
		382C54DB1CB71EEC002EA3D0 /* LogInViewController.swift in Sources */ = {isa = PBXBuildFile; fileRef = 382C54DA1CB71EEC002EA3D0 /* LogInViewController.swift */; };
		382C54DD1CB71F68002EA3D0 /* CreateQuizViewController.swift in Sources */ = {isa = PBXBuildFile; fileRef = 382C54DC1CB71F68002EA3D0 /* CreateQuizViewController.swift */; };
		5BD9FEFFE5113E31345E41E5 /* Pods_QuizServer.framework in Frameworks */ = {isa = PBXBuildFile; fileRef = 60E9B3F84915ABB8DC2E839F /* Pods_QuizServer.framework */; };
/* End PBXBuildFile section */

/* Begin PBXFileReference section */
		382C54C51CB71D62002EA3D0 /* QuizServer.app */ = {isa = PBXFileReference; explicitFileType = wrapper.application; includeInIndex = 0; path = QuizServer.app; sourceTree = BUILT_PRODUCTS_DIR; };
		382C54C81CB71D62002EA3D0 /* AppDelegate.swift */ = {isa = PBXFileReference; lastKnownFileType = sourcecode.swift; path = AppDelegate.swift; sourceTree = "<group>"; };
		382C54CD1CB71D62002EA3D0 /* Base */ = {isa = PBXFileReference; lastKnownFileType = file.storyboard; name = Base; path = Base.lproj/Main.storyboard; sourceTree = "<group>"; };
		382C54CF1CB71D62002EA3D0 /* Assets.xcassets */ = {isa = PBXFileReference; lastKnownFileType = folder.assetcatalog; path = Assets.xcassets; sourceTree = "<group>"; };
		382C54D21CB71D62002EA3D0 /* Base */ = {isa = PBXFileReference; lastKnownFileType = file.storyboard; name = Base; path = Base.lproj/LaunchScreen.storyboard; sourceTree = "<group>"; };
		382C54D41CB71D62002EA3D0 /* Info.plist */ = {isa = PBXFileReference; lastKnownFileType = text.plist.xml; path = Info.plist; sourceTree = "<group>"; };
		382C54DA1CB71EEC002EA3D0 /* LogInViewController.swift */ = {isa = PBXFileReference; fileEncoding = 4; lastKnownFileType = sourcecode.swift; path = LogInViewController.swift; sourceTree = "<group>"; };
		382C54DC1CB71F68002EA3D0 /* CreateQuizViewController.swift */ = {isa = PBXFileReference; fileEncoding = 4; lastKnownFileType = sourcecode.swift; path = CreateQuizViewController.swift; sourceTree = "<group>"; };
		60E9B3F84915ABB8DC2E839F /* Pods_QuizServer.framework */ = {isa = PBXFileReference; explicitFileType = wrapper.framework; includeInIndex = 0; path = Pods_QuizServer.framework; sourceTree = BUILT_PRODUCTS_DIR; };
		7AA723CA42934C21AEC98CDC /* Pods-QuizServer.release.xcconfig */ = {isa = PBXFileReference; includeInIndex = 1; lastKnownFileType = text.xcconfig; name = "Pods-QuizServer.release.xcconfig"; path = "Pods/Target Support Files/Pods-QuizServer/Pods-QuizServer.release.xcconfig"; sourceTree = "<group>"; };
		97A150E58A9948A365DD96E7 /* Pods-QuizServer.debug.xcconfig */ = {isa = PBXFileReference; includeInIndex = 1; lastKnownFileType = text.xcconfig; name = "Pods-QuizServer.debug.xcconfig"; path = "Pods/Target Support Files/Pods-QuizServer/Pods-QuizServer.debug.xcconfig"; sourceTree = "<group>"; };
/* End PBXFileReference section */

/* Begin PBXFrameworksBuildPhase section */
		382C54C21CB71D62002EA3D0 /* Frameworks */ = {
			isa = PBXFrameworksBuildPhase;
			buildActionMask = 2147483647;
			files = (
				5BD9FEFFE5113E31345E41E5 /* Pods_QuizServer.framework in Frameworks */,
			);
			runOnlyForDeploymentPostprocessing = 0;
		};
/* End PBXFrameworksBuildPhase section */

/* Begin PBXGroup section */
		382C54BC1CB71D62002EA3D0 = {
			isa = PBXGroup;
			children = (
				382C54C71CB71D62002EA3D0 /* QuizServer */,
				382C54C61CB71D62002EA3D0 /* Products */,
				999F2BF1BDC9BEAD14506977 /* Pods */,
				C079F8E9C2C32452900131FF /* Frameworks */,
			);
			sourceTree = "<group>";
		};
		382C54C61CB71D62002EA3D0 /* Products */ = {
			isa = PBXGroup;
			children = (
				382C54C51CB71D62002EA3D0 /* QuizServer.app */,
			);
			name = Products;
			sourceTree = "<group>";
		};
		382C54C71CB71D62002EA3D0 /* QuizServer */ = {
			isa = PBXGroup;
			children = (
				382C54DA1CB71EEC002EA3D0 /* LogInViewController.swift */,
				382C54C81CB71D62002EA3D0 /* AppDelegate.swift */,
				382C54CC1CB71D62002EA3D0 /* Main.storyboard */,
				382C54CF1CB71D62002EA3D0 /* Assets.xcassets */,
				382C54D11CB71D62002EA3D0 /* LaunchScreen.storyboard */,
				382C54D41CB71D62002EA3D0 /* Info.plist */,
				382C54DC1CB71F68002EA3D0 /* CreateQuizViewController.swift */,
			);
			path = QuizServer;
			sourceTree = "<group>";
		};
		999F2BF1BDC9BEAD14506977 /* Pods */ = {
			isa = PBXGroup;
			children = (
				97A150E58A9948A365DD96E7 /* Pods-QuizServer.debug.xcconfig */,
				7AA723CA42934C21AEC98CDC /* Pods-QuizServer.release.xcconfig */,
			);
			name = Pods;
			sourceTree = "<group>";
		};
		C079F8E9C2C32452900131FF /* Frameworks */ = {
			isa = PBXGroup;
			children = (
				60E9B3F84915ABB8DC2E839F /* Pods_QuizServer.framework */,
			);
			name = Frameworks;
			sourceTree = "<group>";
		};
/* End PBXGroup section */

/* Begin PBXNativeTarget section */
		382C54C41CB71D62002EA3D0 /* QuizServer */ = {
			isa = PBXNativeTarget;
			buildConfigurationList = 382C54D71CB71D62002EA3D0 /* Build configuration list for PBXNativeTarget "QuizServer" */;
			buildPhases = (
				B0EB9876A7ED1F6B76A4ECF1 /* Check Pods Manifest.lock */,
				382C54C11CB71D62002EA3D0 /* Sources */,
				382C54C21CB71D62002EA3D0 /* Frameworks */,
				382C54C31CB71D62002EA3D0 /* Resources */,
				D2DC13299A85DE5CE3704D1D /* Embed Pods Frameworks */,
				9822C71D14F6A38AC4A01AFD /* Copy Pods Resources */,
			);
			buildRules = (
			);
			dependencies = (
			);
			name = QuizServer;
			productName = QuizServer;
			productReference = 382C54C51CB71D62002EA3D0 /* QuizServer.app */;
			productType = "com.apple.product-type.application";
		};
/* End PBXNativeTarget section */

/* Begin PBXProject section */
		382C54BD1CB71D62002EA3D0 /* Project object */ = {
			isa = PBXProject;
			attributes = {
				LastSwiftUpdateCheck = 0720;
				LastUpgradeCheck = 0720;
				ORGANIZATIONNAME = "Tejashree Jagtap";
				TargetAttributes = {
					382C54C41CB71D62002EA3D0 = {
						CreatedOnToolsVersion = 7.2;
						DevelopmentTeam = 6X7KYP4P6T;
					};
				};
			};
			buildConfigurationList = 382C54C01CB71D62002EA3D0 /* Build configuration list for PBXProject "QuizServer" */;
			compatibilityVersion = "Xcode 3.2";
			developmentRegion = English;
			hasScannedForEncodings = 0;
			knownRegions = (
				en,
				Base,
			);
			mainGroup = 382C54BC1CB71D62002EA3D0;
			productRefGroup = 382C54C61CB71D62002EA3D0 /* Products */;
			projectDirPath = "";
			projectRoot = "";
			targets = (
				382C54C41CB71D62002EA3D0 /* QuizServer */,
			);
		};
/* End PBXProject section */

/* Begin PBXResourcesBuildPhase section */
		382C54C31CB71D62002EA3D0 /* Resources */ = {
			isa = PBXResourcesBuildPhase;
			buildActionMask = 2147483647;
			files = (
				382C54D31CB71D62002EA3D0 /* LaunchScreen.storyboard in Resources */,
				382C54D01CB71D62002EA3D0 /* Assets.xcassets in Resources */,
				382C54CE1CB71D62002EA3D0 /* Main.storyboard in Resources */,
			);
			runOnlyForDeploymentPostprocessing = 0;
		};
/* End PBXResourcesBuildPhase section */

/* Begin PBXShellScriptBuildPhase section */
		9822C71D14F6A38AC4A01AFD /* Copy Pods Resources */ = {
			isa = PBXShellScriptBuildPhase;
			buildActionMask = 2147483647;
			files = (
			);
			inputPaths = (
			);
			name = "Copy Pods Resources";
			outputPaths = (
			);
			runOnlyForDeploymentPostprocessing = 0;
			shellPath = /bin/sh;
			shellScript = "\"${SRCROOT}/Pods/Target Support Files/Pods-QuizServer/Pods-QuizServer-resources.sh\"\n";
			showEnvVarsInLog = 0;
		};
		B0EB9876A7ED1F6B76A4ECF1 /* Check Pods Manifest.lock */ = {
			isa = PBXShellScriptBuildPhase;
			buildActionMask = 2147483647;
			files = (
			);
			inputPaths = (
			);
			name = "Check Pods Manifest.lock";
			outputPaths = (
			);
			runOnlyForDeploymentPostprocessing = 0;
			shellPath = /bin/sh;
			shellScript = "diff \"${PODS_ROOT}/../Podfile.lock\" \"${PODS_ROOT}/Manifest.lock\" > /dev/null\nif [[ $? != 0 ]] ; then\n    cat << EOM\nerror: The sandbox is not in sync with the Podfile.lock. Run 'pod install' or update your CocoaPods installation.\nEOM\n    exit 1\nfi\n";
			showEnvVarsInLog = 0;
		};
		D2DC13299A85DE5CE3704D1D /* Embed Pods Frameworks */ = {
			isa = PBXShellScriptBuildPhase;
			buildActionMask = 2147483647;
			files = (
			);
			inputPaths = (
			);
			name = "Embed Pods Frameworks";
			outputPaths = (
			);
			runOnlyForDeploymentPostprocessing = 0;
			shellPath = /bin/sh;
			shellScript = "\"${SRCROOT}/Pods/Target Support Files/Pods-QuizServer/Pods-QuizServer-frameworks.sh\"\n";
			showEnvVarsInLog = 0;
		};
/* End PBXShellScriptBuildPhase section */

/* Begin PBXSourcesBuildPhase section */
		382C54C11CB71D62002EA3D0 /* Sources */ = {
			isa = PBXSourcesBuildPhase;
			buildActionMask = 2147483647;
			files = (
				382C54DB1CB71EEC002EA3D0 /* LogInViewController.swift in Sources */,
				382C54C91CB71D62002EA3D0 /* AppDelegate.swift in Sources */,
				382C54DD1CB71F68002EA3D0 /* CreateQuizViewController.swift in Sources */,
			);
			runOnlyForDeploymentPostprocessing = 0;
		};
/* End PBXSourcesBuildPhase section */

/* Begin PBXVariantGroup section */
		382C54CC1CB71D62002EA3D0 /* Main.storyboard */ = {
			isa = PBXVariantGroup;
			children = (
				382C54CD1CB71D62002EA3D0 /* Base */,
			);
			name = Main.storyboard;
			sourceTree = "<group>";
		};
		382C54D11CB71D62002EA3D0 /* LaunchScreen.storyboard */ = {
			isa = PBXVariantGroup;
			children = (
				382C54D21CB71D62002EA3D0 /* Base */,
			);
			name = LaunchScreen.storyboard;
			sourceTree = "<group>";
		};
/* End PBXVariantGroup section */

/* Begin XCBuildConfiguration section */
		382C54D51CB71D62002EA3D0 /* Debug */ = {
			isa = XCBuildConfiguration;
			buildSettings = {
				ALWAYS_SEARCH_USER_PATHS = NO;
				CLANG_CXX_LANGUAGE_STANDARD = "gnu++0x";
				CLANG_CXX_LIBRARY = "libc++";
				CLANG_ENABLE_MODULES = YES;
				CLANG_ENABLE_OBJC_ARC = YES;
				CLANG_WARN_BOOL_CONVERSION = YES;
				CLANG_WARN_CONSTANT_CONVERSION = YES;
				CLANG_WARN_DIRECT_OBJC_ISA_USAGE = YES_ERROR;
				CLANG_WARN_EMPTY_BODY = YES;
				CLANG_WARN_ENUM_CONVERSION = YES;
				CLANG_WARN_INT_CONVERSION = YES;
				CLANG_WARN_OBJC_ROOT_CLASS = YES_ERROR;
				CLANG_WARN_UNREACHABLE_CODE = YES;
				CLANG_WARN__DUPLICATE_METHOD_MATCH = YES;
				"CODE_SIGN_IDENTITY[sdk=iphoneos*]" = "iPhone Developer";
				COPY_PHASE_STRIP = NO;
				DEBUG_INFORMATION_FORMAT = dwarf;
				ENABLE_STRICT_OBJC_MSGSEND = YES;
				ENABLE_TESTABILITY = YES;
				GCC_C_LANGUAGE_STANDARD = gnu99;
				GCC_DYNAMIC_NO_PIC = NO;
				GCC_NO_COMMON_BLOCKS = YES;
				GCC_OPTIMIZATION_LEVEL = 0;
				GCC_PREPROCESSOR_DEFINITIONS = (
					"DEBUG=1",
					"$(inherited)",
				);
				GCC_WARN_64_TO_32_BIT_CONVERSION = YES;
				GCC_WARN_ABOUT_RETURN_TYPE = YES_ERROR;
				GCC_WARN_UNDECLARED_SELECTOR = YES;
				GCC_WARN_UNINITIALIZED_AUTOS = YES_AGGRESSIVE;
				GCC_WARN_UNUSED_FUNCTION = YES;
				GCC_WARN_UNUSED_VARIABLE = YES;
				IPHONEOS_DEPLOYMENT_TARGET = 9.2;
				MTL_ENABLE_DEBUG_INFO = YES;
				ONLY_ACTIVE_ARCH = YES;
				SDKROOT = iphoneos;
				SWIFT_OPTIMIZATION_LEVEL = "-Onone";
			};
			name = Debug;
		};
		382C54D61CB71D62002EA3D0 /* Release */ = {
			isa = XCBuildConfiguration;
			buildSettings = {
				ALWAYS_SEARCH_USER_PATHS = NO;
				CLANG_CXX_LANGUAGE_STANDARD = "gnu++0x";
				CLANG_CXX_LIBRARY = "libc++";
				CLANG_ENABLE_MODULES = YES;
				CLANG_ENABLE_OBJC_ARC = YES;
				CLANG_WARN_BOOL_CONVERSION = YES;
				CLANG_WARN_CONSTANT_CONVERSION = YES;
				CLANG_WARN_DIRECT_OBJC_ISA_USAGE = YES_ERROR;
				CLANG_WARN_EMPTY_BODY = YES;
				CLANG_WARN_ENUM_CONVERSION = YES;
				CLANG_WARN_INT_CONVERSION = YES;
				CLANG_WARN_OBJC_ROOT_CLASS = YES_ERROR;
				CLANG_WARN_UNREACHABLE_CODE = YES;
				CLANG_WARN__DUPLICATE_METHOD_MATCH = YES;
				"CODE_SIGN_IDENTITY[sdk=iphoneos*]" = "iPhone Developer";
				COPY_PHASE_STRIP = NO;
				DEBUG_INFORMATION_FORMAT = "dwarf-with-dsym";
				ENABLE_NS_ASSERTIONS = NO;
				ENABLE_STRICT_OBJC_MSGSEND = YES;
				GCC_C_LANGUAGE_STANDARD = gnu99;
				GCC_NO_COMMON_BLOCKS = YES;
				GCC_WARN_64_TO_32_BIT_CONVERSION = YES;
				GCC_WARN_ABOUT_RETURN_TYPE = YES_ERROR;
				GCC_WARN_UNDECLARED_SELECTOR = YES;
				GCC_WARN_UNINITIALIZED_AUTOS = YES_AGGRESSIVE;
				GCC_WARN_UNUSED_FUNCTION = YES;
				GCC_WARN_UNUSED_VARIABLE = YES;
				IPHONEOS_DEPLOYMENT_TARGET = 9.2;
				MTL_ENABLE_DEBUG_INFO = NO;
				SDKROOT = iphoneos;
				VALIDATE_PRODUCT = YES;
			};
			name = Release;
		};
		382C54D81CB71D62002EA3D0 /* Debug */ = {
			isa = XCBuildConfiguration;
			baseConfigurationReference = 97A150E58A9948A365DD96E7 /* Pods-QuizServer.debug.xcconfig */;
			buildSettings = {
				ASSETCATALOG_COMPILER_APPICON_NAME = AppIcon;
				INFOPLIST_FILE = QuizServer/Info.plist;
				LD_RUNPATH_SEARCH_PATHS = "$(inherited) @executable_path/Frameworks";
				PRODUCT_BUNDLE_IDENTIFIER = edu.self.QuizServer;
				PRODUCT_NAME = "$(TARGET_NAME)";
			};
			name = Debug;
		};
		382C54D91CB71D62002EA3D0 /* Release */ = {
			isa = XCBuildConfiguration;
			baseConfigurationReference = 7AA723CA42934C21AEC98CDC /* Pods-QuizServer.release.xcconfig */;
			buildSettings = {
				ASSETCATALOG_COMPILER_APPICON_NAME = AppIcon;
				INFOPLIST_FILE = QuizServer/Info.plist;
				LD_RUNPATH_SEARCH_PATHS = "$(inherited) @executable_path/Frameworks";
				PRODUCT_BUNDLE_IDENTIFIER = edu.self.QuizServer;
				PRODUCT_NAME = "$(TARGET_NAME)";
			};
			name = Release;
		};
/* End XCBuildConfiguration section */

/* Begin XCConfigurationList section */
		382C54C01CB71D62002EA3D0 /* Build configuration list for PBXProject "QuizServer" */ = {
			isa = XCConfigurationList;
			buildConfigurations = (
				382C54D51CB71D62002EA3D0 /* Debug */,
				382C54D61CB71D62002EA3D0 /* Release */,
			);
			defaultConfigurationIsVisible = 0;
			defaultConfigurationName = Release;
		};
		382C54D71CB71D62002EA3D0 /* Build configuration list for PBXNativeTarget "QuizServer" */ = {
			isa = XCConfigurationList;
			buildConfigurations = (
				382C54D81CB71D62002EA3D0 /* Debug */,
				382C54D91CB71D62002EA3D0 /* Release */,
			);
			defaultConfigurationIsVisible = 0;
			defaultConfigurationName = Release;
		};
/* End XCConfigurationList section */
	};
	rootObject = 382C54BD1CB71D62002EA3D0 /* Project object */;
}
